// !$*UTF8*$!
{
	archiveVersion = 1;
	classes = {
	};
	objectVersion = 56;
	objects = {

/* Begin PBXBuildFile section */
		6832E82529D2D7CA001B6F6D /* AppDelegate.swift in Sources */ = {isa = PBXBuildFile; fileRef = 6832E82429D2D7CA001B6F6D /* AppDelegate.swift */; };
		6832E82729D2D7CA001B6F6D /* SceneDelegate.swift in Sources */ = {isa = PBXBuildFile; fileRef = 6832E82629D2D7CA001B6F6D /* SceneDelegate.swift */; };
		6832E82C29D2D7CA001B6F6D /* Main.storyboard in Resources */ = {isa = PBXBuildFile; fileRef = 6832E82A29D2D7CA001B6F6D /* Main.storyboard */; };
		6832E82E29D2D7CD001B6F6D /* Assets.xcassets in Resources */ = {isa = PBXBuildFile; fileRef = 6832E82D29D2D7CD001B6F6D /* Assets.xcassets */; };
		6832E83129D2D7CD001B6F6D /* LaunchScreen.storyboard in Resources */ = {isa = PBXBuildFile; fileRef = 6832E82F29D2D7CD001B6F6D /* LaunchScreen.storyboard */; };
		688D1FBB29D46DF5003D52F6 /* User.swift in Sources */ = {isa = PBXBuildFile; fileRef = 688D1FBA29D46DF5003D52F6 /* User.swift */; };
		688D1FBD29D46E8E003D52F6 /* LoginViewController.swift in Sources */ = {isa = PBXBuildFile; fileRef = 688D1FBC29D46E8E003D52F6 /* LoginViewController.swift */; };
		688D1FBF29D46FFB003D52F6 /* FeedViewController.swift in Sources */ = {isa = PBXBuildFile; fileRef = 688D1FBE29D46FFB003D52F6 /* FeedViewController.swift */; };
		688D1FC129D47026003D52F6 /* Post.swift in Sources */ = {isa = PBXBuildFile; fileRef = 688D1FC029D47026003D52F6 /* Post.swift */; };
		688D1FC329D47087003D52F6 /* PostCell.swift in Sources */ = {isa = PBXBuildFile; fileRef = 688D1FC229D47087003D52F6 /* PostCell.swift */; };
		688D1FC629D47F0B003D52F6 /* AlamofireImage in Frameworks */ = {isa = PBXBuildFile; productRef = 688D1FC529D47F0B003D52F6 /* AlamofireImage */; };
		688D1FC829D48174003D52F6 /* PostViewController.swift in Sources */ = {isa = PBXBuildFile; fileRef = 688D1FC729D48174003D52F6 /* PostViewController.swift */; };
		688F9B7829D4223B0004AAEF /* SignUpViewController.swift in Sources */ = {isa = PBXBuildFile; fileRef = 688F9B7729D4223B0004AAEF /* SignUpViewController.swift */; };
		689712BD29D42A1F007A6CB8 /* ParseSwift in Frameworks */ = {isa = PBXBuildFile; productRef = 689712BC29D42A1F007A6CB8 /* ParseSwift */; };
		68E11DA029D546430081BE85 /* Screen Shot 2023-03-30 at 12.22.48 PM.png in Resources */ = {isa = PBXBuildFile; fileRef = 68E11D9F29D546430081BE85 /* Screen Shot 2023-03-30 at 12.22.48 PM.png */; };
/* End PBXBuildFile section */

/* Begin PBXFileReference section */
		6832E82129D2D7CA001B6F6D /* BeReal-Clone.app */ = {isa = PBXFileReference; explicitFileType = wrapper.application; includeInIndex = 0; path = "BeReal-Clone.app"; sourceTree = BUILT_PRODUCTS_DIR; };
		6832E82429D2D7CA001B6F6D /* AppDelegate.swift */ = {isa = PBXFileReference; lastKnownFileType = sourcecode.swift; path = AppDelegate.swift; sourceTree = "<group>"; };
		6832E82629D2D7CA001B6F6D /* SceneDelegate.swift */ = {isa = PBXFileReference; lastKnownFileType = sourcecode.swift; path = SceneDelegate.swift; sourceTree = "<group>"; };
		6832E82B29D2D7CA001B6F6D /* Base */ = {isa = PBXFileReference; lastKnownFileType = file.storyboard; name = Base; path = Base.lproj/Main.storyboard; sourceTree = "<group>"; };
		6832E82D29D2D7CD001B6F6D /* Assets.xcassets */ = {isa = PBXFileReference; lastKnownFileType = folder.assetcatalog; path = Assets.xcassets; sourceTree = "<group>"; };
		6832E83029D2D7CD001B6F6D /* Base */ = {isa = PBXFileReference; lastKnownFileType = file.storyboard; name = Base; path = Base.lproj/LaunchScreen.storyboard; sourceTree = "<group>"; };
		6832E83229D2D7CD001B6F6D /* Info.plist */ = {isa = PBXFileReference; lastKnownFileType = text.plist.xml; path = Info.plist; sourceTree = "<group>"; };
		688D1FBA29D46DF5003D52F6 /* User.swift */ = {isa = PBXFileReference; lastKnownFileType = sourcecode.swift; path = User.swift; sourceTree = "<group>"; };
		688D1FBC29D46E8E003D52F6 /* LoginViewController.swift */ = {isa = PBXFileReference; lastKnownFileType = sourcecode.swift; path = LoginViewController.swift; sourceTree = "<group>"; };
		688D1FBE29D46FFB003D52F6 /* FeedViewController.swift */ = {isa = PBXFileReference; lastKnownFileType = sourcecode.swift; path = FeedViewController.swift; sourceTree = "<group>"; };
		688D1FC029D47026003D52F6 /* Post.swift */ = {isa = PBXFileReference; lastKnownFileType = sourcecode.swift; path = Post.swift; sourceTree = "<group>"; };
		688D1FC229D47087003D52F6 /* PostCell.swift */ = {isa = PBXFileReference; lastKnownFileType = sourcecode.swift; path = PostCell.swift; sourceTree = "<group>"; };
		688D1FC729D48174003D52F6 /* PostViewController.swift */ = {isa = PBXFileReference; lastKnownFileType = sourcecode.swift; path = PostViewController.swift; sourceTree = "<group>"; };
		688F9B7729D4223B0004AAEF /* SignUpViewController.swift */ = {isa = PBXFileReference; lastKnownFileType = sourcecode.swift; path = SignUpViewController.swift; sourceTree = "<group>"; };
		68E11D9F29D546430081BE85 /* Screen Shot 2023-03-30 at 12.22.48 PM.png */ = {isa = PBXFileReference; lastKnownFileType = image.png; path = "Screen Shot 2023-03-30 at 12.22.48 PM.png"; sourceTree = "<group>"; };
/* End PBXFileReference section */

/* Begin PBXFrameworksBuildPhase section */
		6832E81E29D2D7CA001B6F6D /* Frameworks */ = {
			isa = PBXFrameworksBuildPhase;
			buildActionMask = 2147483647;
			files = (
				689712BD29D42A1F007A6CB8 /* ParseSwift in Frameworks */,
				688D1FC629D47F0B003D52F6 /* AlamofireImage in Frameworks */,
			);
			runOnlyForDeploymentPostprocessing = 0;
		};
/* End PBXFrameworksBuildPhase section */

/* Begin PBXGroup section */
		6832E81829D2D7CA001B6F6D = {
			isa = PBXGroup;
			children = (
				6832E82329D2D7CA001B6F6D /* BeReal-Clone */,
				6832E82229D2D7CA001B6F6D /* Products */,
			);
			sourceTree = "<group>";
		};
		6832E82229D2D7CA001B6F6D /* Products */ = {
			isa = PBXGroup;
			children = (
				6832E82129D2D7CA001B6F6D /* BeReal-Clone.app */,
			);
			name = Products;
			sourceTree = "<group>";
		};
		6832E82329D2D7CA001B6F6D /* BeReal-Clone */ = {
			isa = PBXGroup;
			children = (
				68E11D9F29D546430081BE85 /* Screen Shot 2023-03-30 at 12.22.48 PM.png */,
				6832E82429D2D7CA001B6F6D /* AppDelegate.swift */,
				6832E82629D2D7CA001B6F6D /* SceneDelegate.swift */,
				688D1FC729D48174003D52F6 /* PostViewController.swift */,
				6832E82A29D2D7CA001B6F6D /* Main.storyboard */,
				688D1FBA29D46DF5003D52F6 /* User.swift */,
				688D1FC229D47087003D52F6 /* PostCell.swift */,
				6832E82D29D2D7CD001B6F6D /* Assets.xcassets */,
				6832E82F29D2D7CD001B6F6D /* LaunchScreen.storyboard */,
				6832E83229D2D7CD001B6F6D /* Info.plist */,
				688F9B7729D4223B0004AAEF /* SignUpViewController.swift */,
				688D1FBC29D46E8E003D52F6 /* LoginViewController.swift */,
				688D1FBE29D46FFB003D52F6 /* FeedViewController.swift */,
				688D1FC029D47026003D52F6 /* Post.swift */,
			);
			path = "BeReal-Clone";
			sourceTree = "<group>";
		};
/* End PBXGroup section */

/* Begin PBXNativeTarget section */
		6832E82029D2D7CA001B6F6D /* BeReal-Clone */ = {
			isa = PBXNativeTarget;
			buildConfigurationList = 6832E83529D2D7CD001B6F6D /* Build configuration list for PBXNativeTarget "BeReal-Clone" */;
			buildPhases = (
				6832E81D29D2D7CA001B6F6D /* Sources */,
				6832E81E29D2D7CA001B6F6D /* Frameworks */,
				6832E81F29D2D7CA001B6F6D /* Resources */,
			);
			buildRules = (
			);
			dependencies = (
			);
			name = "BeReal-Clone";
			packageProductDependencies = (
				689712BC29D42A1F007A6CB8 /* ParseSwift */,
				688D1FC529D47F0B003D52F6 /* AlamofireImage */,
			);
			productName = "BeReal-Clone";
			productReference = 6832E82129D2D7CA001B6F6D /* BeReal-Clone.app */;
			productType = "com.apple.product-type.application";
		};
/* End PBXNativeTarget section */

/* Begin PBXProject section */
		6832E81929D2D7CA001B6F6D /* Project object */ = {
			isa = PBXProject;
			attributes = {
				BuildIndependentTargetsInParallel = 1;
				LastSwiftUpdateCheck = 1410;
				LastUpgradeCheck = 1410;
				TargetAttributes = {
					6832E82029D2D7CA001B6F6D = {
						CreatedOnToolsVersion = 14.1;
					};
				};
			};
			buildConfigurationList = 6832E81C29D2D7CA001B6F6D /* Build configuration list for PBXProject "BeReal-Clone" */;
			compatibilityVersion = "Xcode 14.0";
			developmentRegion = en;
			hasScannedForEncodings = 0;
			knownRegions = (
				en,
				Base,
			);
			mainGroup = 6832E81829D2D7CA001B6F6D;
			packageReferences = (
				689712BB29D42A1F007A6CB8 /* XCRemoteSwiftPackageReference "Parse-Swift" */,
				688D1FC429D47F0B003D52F6 /* XCRemoteSwiftPackageReference "AlamofireImage" */,
			);
			productRefGroup = 6832E82229D2D7CA001B6F6D /* Products */;
			projectDirPath = "";
			projectRoot = "";
			targets = (
				6832E82029D2D7CA001B6F6D /* BeReal-Clone */,
			);
		};
/* End PBXProject section */

/* Begin PBXResourcesBuildPhase section */
		6832E81F29D2D7CA001B6F6D /* Resources */ = {
			isa = PBXResourcesBuildPhase;
			buildActionMask = 2147483647;
			files = (
				6832E83129D2D7CD001B6F6D /* LaunchScreen.storyboard in Resources */,
				6832E82E29D2D7CD001B6F6D /* Assets.xcassets in Resources */,
				68E11DA029D546430081BE85 /* Screen Shot 2023-03-30 at 12.22.48 PM.png in Resources */,
				6832E82C29D2D7CA001B6F6D /* Main.storyboard in Resources */,
			);
			runOnlyForDeploymentPostprocessing = 0;
		};
/* End PBXResourcesBuildPhase section */

/* Begin PBXSourcesBuildPhase section */
		6832E81D29D2D7CA001B6F6D /* Sources */ = {
			isa = PBXSourcesBuildPhase;
			buildActionMask = 2147483647;
			files = (
				688D1FBD29D46E8E003D52F6 /* LoginViewController.swift in Sources */,
				6832E82529D2D7CA001B6F6D /* AppDelegate.swift in Sources */,
				688D1FC129D47026003D52F6 /* Post.swift in Sources */,
				688D1FC829D48174003D52F6 /* PostViewController.swift in Sources */,
				688F9B7829D4223B0004AAEF /* SignUpViewController.swift in Sources */,
				688D1FC329D47087003D52F6 /* PostCell.swift in Sources */,
				688D1FBB29D46DF5003D52F6 /* User.swift in Sources */,
				6832E82729D2D7CA001B6F6D /* SceneDelegate.swift in Sources */,
				688D1FBF29D46FFB003D52F6 /* FeedViewController.swift in Sources */,
			);
			runOnlyForDeploymentPostprocessing = 0;
		};
/* End PBXSourcesBuildPhase section */

/* Begin PBXVariantGroup section */
		6832E82A29D2D7CA001B6F6D /* Main.storyboard */ = {
			isa = PBXVariantGroup;
			children = (
				6832E82B29D2D7CA001B6F6D /* Base */,
			);
			name = Main.storyboard;
			sourceTree = "<group>";
		};
		6832E82F29D2D7CD001B6F6D /* LaunchScreen.storyboard */ = {
			isa = PBXVariantGroup;
			children = (
				6832E83029D2D7CD001B6F6D /* Base */,
			);
			name = LaunchScreen.storyboard;
			sourceTree = "<group>";
		};
/* End PBXVariantGroup section */

/* Begin XCBuildConfiguration section */
		6832E83329D2D7CD001B6F6D /* Debug */ = {
			isa = XCBuildConfiguration;
			buildSettings = {
				ALWAYS_SEARCH_USER_PATHS = NO;
				CLANG_ANALYZER_NONNULL = YES;
				CLANG_ANALYZER_NUMBER_OBJECT_CONVERSION = YES_AGGRESSIVE;
				CLANG_CXX_LANGUAGE_STANDARD = "gnu++20";
				CLANG_ENABLE_MODULES = YES;
				CLANG_ENABLE_OBJC_ARC = YES;
				CLANG_ENABLE_OBJC_WEAK = YES;
				CLANG_WARN_BLOCK_CAPTURE_AUTORELEASING = YES;
				CLANG_WARN_BOOL_CONVERSION = YES;
				CLANG_WARN_COMMA = YES;
				CLANG_WARN_CONSTANT_CONVERSION = YES;
				CLANG_WARN_DEPRECATED_OBJC_IMPLEMENTATIONS = YES;
				CLANG_WARN_DIRECT_OBJC_ISA_USAGE = YES_ERROR;
				CLANG_WARN_DOCUMENTATION_COMMENTS = YES;
				CLANG_WARN_EMPTY_BODY = YES;
				CLANG_WARN_ENUM_CONVERSION = YES;
				CLANG_WARN_INFINITE_RECURSION = YES;
				CLANG_WARN_INT_CONVERSION = YES;
				CLANG_WARN_NON_LITERAL_NULL_CONVERSION = YES;
				CLANG_WARN_OBJC_IMPLICIT_RETAIN_SELF = YES;
				CLANG_WARN_OBJC_LITERAL_CONVERSION = YES;
				CLANG_WARN_OBJC_ROOT_CLASS = YES_ERROR;
				CLANG_WARN_QUOTED_INCLUDE_IN_FRAMEWORK_HEADER = YES;
				CLANG_WARN_RANGE_LOOP_ANALYSIS = YES;
				CLANG_WARN_STRICT_PROTOTYPES = YES;
				CLANG_WARN_SUSPICIOUS_MOVE = YES;
				CLANG_WARN_UNGUARDED_AVAILABILITY = YES_AGGRESSIVE;
				CLANG_WARN_UNREACHABLE_CODE = YES;
				CLANG_WARN__DUPLICATE_METHOD_MATCH = YES;
				COPY_PHASE_STRIP = NO;
				DEBUG_INFORMATION_FORMAT = dwarf;
				ENABLE_STRICT_OBJC_MSGSEND = YES;
				ENABLE_TESTABILITY = YES;
				GCC_C_LANGUAGE_STANDARD = gnu11;
				GCC_DYNAMIC_NO_PIC = NO;
				GCC_NO_COMMON_BLOCKS = YES;
				GCC_OPTIMIZATION_LEVEL = 0;
				GCC_PREPROCESSOR_DEFINITIONS = (
					"DEBUG=1",
					"$(inherited)",
				);
				GCC_WARN_64_TO_32_BIT_CONVERSION = YES;
				GCC_WARN_ABOUT_RETURN_TYPE = YES_ERROR;
				GCC_WARN_UNDECLARED_SELECTOR = YES;
				GCC_WARN_UNINITIALIZED_AUTOS = YES_AGGRESSIVE;
				GCC_WARN_UNUSED_FUNCTION = YES;
				GCC_WARN_UNUSED_VARIABLE = YES;
				IPHONEOS_DEPLOYMENT_TARGET = 16.1;
				MTL_ENABLE_DEBUG_INFO = INCLUDE_SOURCE;
				MTL_FAST_MATH = YES;
				ONLY_ACTIVE_ARCH = YES;
				SDKROOT = iphoneos;
				SWIFT_ACTIVE_COMPILATION_CONDITIONS = DEBUG;
				SWIFT_OPTIMIZATION_LEVEL = "-Onone";
			};
			name = Debug;
		};
		6832E83429D2D7CD001B6F6D /* Release */ = {
			isa = XCBuildConfiguration;
			buildSettings = {
				ALWAYS_SEARCH_USER_PATHS = NO;
				CLANG_ANALYZER_NONNULL = YES;
				CLANG_ANALYZER_NUMBER_OBJECT_CONVERSION = YES_AGGRESSIVE;
				CLANG_CXX_LANGUAGE_STANDARD = "gnu++20";
				CLANG_ENABLE_MODULES = YES;
				CLANG_ENABLE_OBJC_ARC = YES;
				CLANG_ENABLE_OBJC_WEAK = YES;
				CLANG_WARN_BLOCK_CAPTURE_AUTORELEASING = YES;
				CLANG_WARN_BOOL_CONVERSION = YES;
				CLANG_WARN_COMMA = YES;
				CLANG_WARN_CONSTANT_CONVERSION = YES;
				CLANG_WARN_DEPRECATED_OBJC_IMPLEMENTATIONS = YES;
				CLANG_WARN_DIRECT_OBJC_ISA_USAGE = YES_ERROR;
				CLANG_WARN_DOCUMENTATION_COMMENTS = YES;
				CLANG_WARN_EMPTY_BODY = YES;
				CLANG_WARN_ENUM_CONVERSION = YES;
				CLANG_WARN_INFINITE_RECURSION = YES;
				CLANG_WARN_INT_CONVERSION = YES;
				CLANG_WARN_NON_LITERAL_NULL_CONVERSION = YES;
				CLANG_WARN_OBJC_IMPLICIT_RETAIN_SELF = YES;
				CLANG_WARN_OBJC_LITERAL_CONVERSION = YES;
				CLANG_WARN_OBJC_ROOT_CLASS = YES_ERROR;
				CLANG_WARN_QUOTED_INCLUDE_IN_FRAMEWORK_HEADER = YES;
				CLANG_WARN_RANGE_LOOP_ANALYSIS = YES;
				CLANG_WARN_STRICT_PROTOTYPES = YES;
				CLANG_WARN_SUSPICIOUS_MOVE = YES;
				CLANG_WARN_UNGUARDED_AVAILABILITY = YES_AGGRESSIVE;
				CLANG_WARN_UNREACHABLE_CODE = YES;
				CLANG_WARN__DUPLICATE_METHOD_MATCH = YES;
				COPY_PHASE_STRIP = NO;
				DEBUG_INFORMATION_FORMAT = "dwarf-with-dsym";
				ENABLE_NS_ASSERTIONS = NO;
				ENABLE_STRICT_OBJC_MSGSEND = YES;
				GCC_C_LANGUAGE_STANDARD = gnu11;
				GCC_NO_COMMON_BLOCKS = YES;
				GCC_WARN_64_TO_32_BIT_CONVERSION = YES;
				GCC_WARN_ABOUT_RETURN_TYPE = YES_ERROR;
				GCC_WARN_UNDECLARED_SELECTOR = YES;
				GCC_WARN_UNINITIALIZED_AUTOS = YES_AGGRESSIVE;
				GCC_WARN_UNUSED_FUNCTION = YES;
				GCC_WARN_UNUSED_VARIABLE = YES;
				IPHONEOS_DEPLOYMENT_TARGET = 16.1;
				MTL_ENABLE_DEBUG_INFO = NO;
				MTL_FAST_MATH = YES;
				SDKROOT = iphoneos;
				SWIFT_COMPILATION_MODE = wholemodule;
				SWIFT_OPTIMIZATION_LEVEL = "-O";
				VALIDATE_PRODUCT = YES;
			};
			name = Release;
		};
		6832E83629D2D7CD001B6F6D /* Debug */ = {
			isa = XCBuildConfiguration;
			buildSettings = {
				ASSETCATALOG_COMPILER_APPICON_NAME = AppIcon;
				ASSETCATALOG_COMPILER_GLOBAL_ACCENT_COLOR_NAME = AccentColor;
				CODE_SIGN_STYLE = Automatic;
				CURRENT_PROJECT_VERSION = 1;
				GENERATE_INFOPLIST_FILE = YES;
				INFOPLIST_FILE = "BeReal-Clone/Info.plist";
				INFOPLIST_KEY_UIApplicationSupportsIndirectInputEvents = YES;
				INFOPLIST_KEY_UILaunchStoryboardName = LaunchScreen;
				INFOPLIST_KEY_UIMainStoryboardFile = Main;
				INFOPLIST_KEY_UISupportedInterfaceOrientations_iPad = "UIInterfaceOrientationPortrait UIInterfaceOrientationPortraitUpsideDown UIInterfaceOrientationLandscapeLeft UIInterfaceOrientationLandscapeRight";
				INFOPLIST_KEY_UISupportedInterfaceOrientations_iPhone = "UIInterfaceOrientationPortrait UIInterfaceOrientationLandscapeLeft UIInterfaceOrientationLandscapeRight";
				LD_RUNPATH_SEARCH_PATHS = (
					"$(inherited)",
					"@executable_path/Frameworks",
				);
				MARKETING_VERSION = 1.0;
				PRODUCT_BUNDLE_IDENTIFIER = "com.mingxuan.BeReal-Clone";
				PRODUCT_NAME = "$(TARGET_NAME)";
				SWIFT_EMIT_LOC_STRINGS = YES;
				SWIFT_VERSION = 5.0;
				TARGETED_DEVICE_FAMILY = "1,2";
			};
			name = Debug;
		};
		6832E83729D2D7CD001B6F6D /* Release */ = {
			isa = XCBuildConfiguration;
			buildSettings = {
				ASSETCATALOG_COMPILER_APPICON_NAME = AppIcon;
				ASSETCATALOG_COMPILER_GLOBAL_ACCENT_COLOR_NAME = AccentColor;
				CODE_SIGN_STYLE = Automatic;
				CURRENT_PROJECT_VERSION = 1;
				GENERATE_INFOPLIST_FILE = YES;
				INFOPLIST_FILE = "BeReal-Clone/Info.plist";
				INFOPLIST_KEY_UIApplicationSupportsIndirectInputEvents = YES;
				INFOPLIST_KEY_UILaunchStoryboardName = LaunchScreen;
				INFOPLIST_KEY_UIMainStoryboardFile = Main;
				INFOPLIST_KEY_UISupportedInterfaceOrientations_iPad = "UIInterfaceOrientationPortrait UIInterfaceOrientationPortraitUpsideDown UIInterfaceOrientationLandscapeLeft UIInterfaceOrientationLandscapeRight";
				INFOPLIST_KEY_UISupportedInterfaceOrientations_iPhone = "UIInterfaceOrientationPortrait UIInterfaceOrientationLandscapeLeft UIInterfaceOrientationLandscapeRight";
				LD_RUNPATH_SEARCH_PATHS = (
					"$(inherited)",
					"@executable_path/Frameworks",
				);
				MARKETING_VERSION = 1.0;
				PRODUCT_BUNDLE_IDENTIFIER = "com.mingxuan.BeReal-Clone";
				PRODUCT_NAME = "$(TARGET_NAME)";
				SWIFT_EMIT_LOC_STRINGS = YES;
				SWIFT_VERSION = 5.0;
				TARGETED_DEVICE_FAMILY = "1,2";
			};
			name = Release;
		};
/* End XCBuildConfiguration section */

/* Begin XCConfigurationList section */
		6832E81C29D2D7CA001B6F6D /* Build configuration list for PBXProject "BeReal-Clone" */ = {
			isa = XCConfigurationList;
			buildConfigurations = (
				6832E83329D2D7CD001B6F6D /* Debug */,
				6832E83429D2D7CD001B6F6D /* Release */,
			);
			defaultConfigurationIsVisible = 0;
			defaultConfigurationName = Release;
		};
		6832E83529D2D7CD001B6F6D /* Build configuration list for PBXNativeTarget "BeReal-Clone" */ = {
			isa = XCConfigurationList;
			buildConfigurations = (
				6832E83629D2D7CD001B6F6D /* Debug */,
				6832E83729D2D7CD001B6F6D /* Release */,
			);
			defaultConfigurationIsVisible = 0;
			defaultConfigurationName = Release;
		};
/* End XCConfigurationList section */

/* Begin XCRemoteSwiftPackageReference section */
		688D1FC429D47F0B003D52F6 /* XCRemoteSwiftPackageReference "AlamofireImage" */ = {
			isa = XCRemoteSwiftPackageReference;
			repositoryURL = "https://github.com/Alamofire/AlamofireImage.git";
			requirement = {
				kind = upToNextMajorVersion;
				minimumVersion = 4.0.0;
			};
		};
		689712BB29D42A1F007A6CB8 /* XCRemoteSwiftPackageReference "Parse-Swift" */ = {
			isa = XCRemoteSwiftPackageReference;
			repositoryURL = "https://github.com/parse-community/Parse-Swift";
			requirement = {
				branch = main;
				kind = branch;
			};
		};
/* End XCRemoteSwiftPackageReference section */

/* Begin XCSwiftPackageProductDependency section */
		688D1FC529D47F0B003D52F6 /* AlamofireImage */ = {
			isa = XCSwiftPackageProductDependency;
			package = 688D1FC429D47F0B003D52F6 /* XCRemoteSwiftPackageReference "AlamofireImage" */;
			productName = AlamofireImage;
		};
		689712BC29D42A1F007A6CB8 /* ParseSwift */ = {
			isa = XCSwiftPackageProductDependency;
			package = 689712BB29D42A1F007A6CB8 /* XCRemoteSwiftPackageReference "Parse-Swift" */;
			productName = ParseSwift;
		};
/* End XCSwiftPackageProductDependency section */
	};
	rootObject = 6832E81929D2D7CA001B6F6D /* Project object */;
}
